PODS:
  - CocoaLumberjack (3.7.0):
    - CocoaLumberjack/Core (= 3.7.0)
  - CocoaLumberjack/Core (3.7.0)
  - Compress-Upload-CocoaLumberjack (0.1.5):
    - CocoaLumberjack (~> 3.7.0)
  - Expecta (1.0.6)

DEPENDENCIES:
  - Compress-Upload-CocoaLumberjack (from `../`)
  - Expecta

SPEC REPOS:
  trunk:
    - CocoaLumberjack
    - Expecta

EXTERNAL SOURCES:
  Compress-Upload-CocoaLumberjack:
    :path: "../"

SPEC CHECKSUMS:
  CocoaLumberjack: e8955b9d337ac307103b0a34fd141c32f27e53c5
  Compress-Upload-CocoaLumberjack: c0eba23804ac871469b21138d3b45f0daf660d96
  Expecta: 3b6bd90a64b9a1dcb0b70aa0e10a7f8f631667d5

PODFILE CHECKSUM: 353f27eeb52da3b5371f8f1faf4b996b78de5baf

COCOAPODS: 1.10.1
